// !$*UTF8*$!
{
	archiveVersion = 1;
	classes = {
	};
	objectVersion = 46;
	objects = {

/* Begin PBXBuildFile section */
		AF40169B1CF838D9004E7C5B /* Entitlements.plist in Resources */ = {isa = PBXBuildFile; fileRef = AF40169A1CF838D9004E7C5B /* Entitlements.plist */; };
		AF4016DD1CF84060004E7C5B /* asu_pid.entitlements in Resources */ = {isa = PBXBuildFile; fileRef = AF4016DC1CF84060004E7C5B /* asu_pid.entitlements */; };
		AF67122C1CEA3D4600C47BAE /* AppDelegate.swift in Sources */ = {isa = PBXBuildFile; fileRef = AF67122B1CEA3D4600C47BAE /* AppDelegate.swift */; };
		AF67122E1CEA3D4600C47BAE /* ViewController.swift in Sources */ = {isa = PBXBuildFile; fileRef = AF67122D1CEA3D4600C47BAE /* ViewController.swift */; };
		AF6712331CEA3D4600C47BAE /* Assets.xcassets in Resources */ = {isa = PBXBuildFile; fileRef = AF6712321CEA3D4600C47BAE /* Assets.xcassets */; };
		AF6712361CEA3D4600C47BAE /* LaunchScreen.storyboard in Resources */ = {isa = PBXBuildFile; fileRef = AF6712341CEA3D4600C47BAE /* LaunchScreen.storyboard */; };
		AF6712411CEA3D4600C47BAE /* Alfred_Web_2_0Tests.swift in Sources */ = {isa = PBXBuildFile; fileRef = AF6712401CEA3D4600C47BAE /* Alfred_Web_2_0Tests.swift */; };
		AF67124C1CEA3D4600C47BAE /* Alfred_Web_2_0UITests.swift in Sources */ = {isa = PBXBuildFile; fileRef = AF67124B1CEA3D4600C47BAE /* Alfred_Web_2_0UITests.swift */; };
		AFEEDF841CECA08A00C5FFD8 /* Main.storyboard in Resources */ = {isa = PBXBuildFile; fileRef = AFEEDF821CECA08A00C5FFD8 /* Main.storyboard */; };
		AFEEDF871CECA3DE00C5FFD8 /* ViewControllerSettings.swift in Sources */ = {isa = PBXBuildFile; fileRef = AFEEDF851CECA3DE00C5FFD8 /* ViewControllerSettings.swift */; };
		AFEEDF881CECA3DE00C5FFD8 /* ViewControllerSettings.xib in Resources */ = {isa = PBXBuildFile; fileRef = AFEEDF861CECA3DE00C5FFD8 /* ViewControllerSettings.xib */; };
/* End PBXBuildFile section */

/* Begin PBXContainerItemProxy section */
		AF67123D1CEA3D4600C47BAE /* PBXContainerItemProxy */ = {
			isa = PBXContainerItemProxy;
			containerPortal = AF6712201CEA3D4500C47BAE /* Project object */;
			proxyType = 1;
			remoteGlobalIDString = AF6712271CEA3D4500C47BAE;
			remoteInfo = "Alfred Web 2.0";
		};
		AF6712481CEA3D4600C47BAE /* PBXContainerItemProxy */ = {
			isa = PBXContainerItemProxy;
			containerPortal = AF6712201CEA3D4500C47BAE /* Project object */;
			proxyType = 1;
			remoteGlobalIDString = AF6712271CEA3D4500C47BAE;
			remoteInfo = "Alfred Web 2.0";
		};
/* End PBXContainerItemProxy section */

/* Begin PBXFileReference section */
		AF40169A1CF838D9004E7C5B /* Entitlements.plist */ = {isa = PBXFileReference; fileEncoding = 4; lastKnownFileType = text.plist.xml; path = Entitlements.plist; sourceTree = "<group>"; };
		AF4016DC1CF84060004E7C5B /* asu_pid.entitlements */ = {isa = PBXFileReference; fileEncoding = 4; lastKnownFileType = text.xml; path = asu_pid.entitlements; sourceTree = "<group>"; };
		AF6712281CEA3D4500C47BAE /* Alfred Server.app */ = {isa = PBXFileReference; explicitFileType = wrapper.application; includeInIndex = 0; path = "Alfred Server.app"; sourceTree = BUILT_PRODUCTS_DIR; };
		AF67122B1CEA3D4600C47BAE /* AppDelegate.swift */ = {isa = PBXFileReference; lastKnownFileType = sourcecode.swift; path = AppDelegate.swift; sourceTree = "<group>"; };
		AF67122D1CEA3D4600C47BAE /* ViewController.swift */ = {isa = PBXFileReference; lastKnownFileType = sourcecode.swift; path = ViewController.swift; sourceTree = "<group>"; };
		AF6712321CEA3D4600C47BAE /* Assets.xcassets */ = {isa = PBXFileReference; lastKnownFileType = folder.assetcatalog; path = Assets.xcassets; sourceTree = "<group>"; };
		AF6712351CEA3D4600C47BAE /* Base */ = {isa = PBXFileReference; lastKnownFileType = file.storyboard; name = Base; path = Base.lproj/LaunchScreen.storyboard; sourceTree = "<group>"; };
		AF6712371CEA3D4600C47BAE /* Info.plist */ = {isa = PBXFileReference; lastKnownFileType = text.plist.xml; path = Info.plist; sourceTree = "<group>"; };
		AF67123C1CEA3D4600C47BAE /* Alfred Server.xctest */ = {isa = PBXFileReference; explicitFileType = wrapper.cfbundle; includeInIndex = 0; path = "Alfred Server.xctest"; sourceTree = BUILT_PRODUCTS_DIR; };
		AF6712401CEA3D4600C47BAE /* Alfred_Web_2_0Tests.swift */ = {isa = PBXFileReference; lastKnownFileType = sourcecode.swift; path = Alfred_Web_2_0Tests.swift; sourceTree = "<group>"; };
		AF6712421CEA3D4600C47BAE /* Info.plist */ = {isa = PBXFileReference; lastKnownFileType = text.plist.xml; path = Info.plist; sourceTree = "<group>"; };
		AF6712471CEA3D4600C47BAE /* Alfred Server.xctest */ = {isa = PBXFileReference; explicitFileType = wrapper.cfbundle; includeInIndex = 0; path = "Alfred Server.xctest"; sourceTree = BUILT_PRODUCTS_DIR; };
		AF67124B1CEA3D4600C47BAE /* Alfred_Web_2_0UITests.swift */ = {isa = PBXFileReference; lastKnownFileType = sourcecode.swift; path = Alfred_Web_2_0UITests.swift; sourceTree = "<group>"; };
		AF67124D1CEA3D4600C47BAE /* Info.plist */ = {isa = PBXFileReference; lastKnownFileType = text.plist.xml; path = Info.plist; sourceTree = "<group>"; };
		AFEEDF831CECA08A00C5FFD8 /* Base */ = {isa = PBXFileReference; lastKnownFileType = file.storyboard; name = Base; path = Base.lproj/Main.storyboard; sourceTree = "<group>"; };
		AFEEDF851CECA3DE00C5FFD8 /* ViewControllerSettings.swift */ = {isa = PBXFileReference; fileEncoding = 4; lastKnownFileType = sourcecode.swift; path = ViewControllerSettings.swift; sourceTree = "<group>"; };
		AFEEDF861CECA3DE00C5FFD8 /* ViewControllerSettings.xib */ = {isa = PBXFileReference; fileEncoding = 4; lastKnownFileType = file.xib; path = ViewControllerSettings.xib; sourceTree = "<group>"; };
/* End PBXFileReference section */

/* Begin PBXFrameworksBuildPhase section */
		AF6712251CEA3D4500C47BAE /* Frameworks */ = {
			isa = PBXFrameworksBuildPhase;
			buildActionMask = 2147483647;
			files = (
			);
			runOnlyForDeploymentPostprocessing = 0;
		};
		AF6712391CEA3D4600C47BAE /* Frameworks */ = {
			isa = PBXFrameworksBuildPhase;
			buildActionMask = 2147483647;
			files = (
			);
			runOnlyForDeploymentPostprocessing = 0;
		};
		AF6712441CEA3D4600C47BAE /* Frameworks */ = {
			isa = PBXFrameworksBuildPhase;
			buildActionMask = 2147483647;
			files = (
			);
			runOnlyForDeploymentPostprocessing = 0;
		};
/* End PBXFrameworksBuildPhase section */

/* Begin PBXGroup section */
		AF67121F1CEA3D4500C47BAE = {
			isa = PBXGroup;
			children = (
				AF4016DC1CF84060004E7C5B /* asu_pid.entitlements */,
				AF40169A1CF838D9004E7C5B /* Entitlements.plist */,
				AF67122A1CEA3D4500C47BAE /* Alfred Web 2.0 */,
				AF67123F1CEA3D4600C47BAE /* Alfred Web 2.0Tests */,
				AF67124A1CEA3D4600C47BAE /* Alfred Web 2.0UITests */,
				AF6712291CEA3D4500C47BAE /* Products */,
			);
			sourceTree = "<group>";
		};
		AF6712291CEA3D4500C47BAE /* Products */ = {
			isa = PBXGroup;
			children = (
				AF6712281CEA3D4500C47BAE /* Alfred Server.app */,
				AF67123C1CEA3D4600C47BAE /* Alfred Server.xctest */,
				AF6712471CEA3D4600C47BAE /* Alfred Server.xctest */,
			);
			name = Products;
			sourceTree = "<group>";
		};
		AF67122A1CEA3D4500C47BAE /* Alfred Web 2.0 */ = {
			isa = PBXGroup;
			children = (
				AF67122B1CEA3D4600C47BAE /* AppDelegate.swift */,
				AF67122D1CEA3D4600C47BAE /* ViewController.swift */,
				AFEEDF851CECA3DE00C5FFD8 /* ViewControllerSettings.swift */,
				AFEEDF861CECA3DE00C5FFD8 /* ViewControllerSettings.xib */,
				AFEEDF821CECA08A00C5FFD8 /* Main.storyboard */,
				AF6712321CEA3D4600C47BAE /* Assets.xcassets */,
				AF6712341CEA3D4600C47BAE /* LaunchScreen.storyboard */,
				AF6712371CEA3D4600C47BAE /* Info.plist */,
			);
			path = "Alfred Web 2.0";
			sourceTree = "<group>";
		};
		AF67123F1CEA3D4600C47BAE /* Alfred Web 2.0Tests */ = {
			isa = PBXGroup;
			children = (
				AF6712401CEA3D4600C47BAE /* Alfred_Web_2_0Tests.swift */,
				AF6712421CEA3D4600C47BAE /* Info.plist */,
			);
			path = "Alfred Web 2.0Tests";
			sourceTree = "<group>";
		};
		AF67124A1CEA3D4600C47BAE /* Alfred Web 2.0UITests */ = {
			isa = PBXGroup;
			children = (
				AF67124B1CEA3D4600C47BAE /* Alfred_Web_2_0UITests.swift */,
				AF67124D1CEA3D4600C47BAE /* Info.plist */,
			);
			path = "Alfred Web 2.0UITests";
			sourceTree = "<group>";
		};
/* End PBXGroup section */

/* Begin PBXNativeTarget section */
		AF6712271CEA3D4500C47BAE /* Alfred Server */ = {
			isa = PBXNativeTarget;
			buildConfigurationList = AF6712501CEA3D4600C47BAE /* Build configuration list for PBXNativeTarget "Alfred Server" */;
			buildPhases = (
				AF6712241CEA3D4500C47BAE /* Sources */,
				AF6712251CEA3D4500C47BAE /* Frameworks */,
				AF6712261CEA3D4500C47BAE /* Resources */,
			);
			buildRules = (
			);
			dependencies = (
			);
			name = "Alfred Server";
			productName = "Alfred Web 2.0";
			productReference = AF6712281CEA3D4500C47BAE /* Alfred Server.app */;
			productType = "com.apple.product-type.application";
		};
		AF67123B1CEA3D4600C47BAE /* Alfred ServerTests */ = {
			isa = PBXNativeTarget;
			buildConfigurationList = AF6712531CEA3D4600C47BAE /* Build configuration list for PBXNativeTarget "Alfred ServerTests" */;
			buildPhases = (
				AF6712381CEA3D4600C47BAE /* Sources */,
				AF6712391CEA3D4600C47BAE /* Frameworks */,
				AF67123A1CEA3D4600C47BAE /* Resources */,
			);
			buildRules = (
			);
			dependencies = (
				AF67123E1CEA3D4600C47BAE /* PBXTargetDependency */,
			);
			name = "Alfred ServerTests";
			productName = "Alfred Web 2.0Tests";
			productReference = AF67123C1CEA3D4600C47BAE /* Alfred Server.xctest */;
			productType = "com.apple.product-type.bundle.unit-test";
		};
		AF6712461CEA3D4600C47BAE /* Alfred ServerUITests */ = {
			isa = PBXNativeTarget;
			buildConfigurationList = AF6712561CEA3D4600C47BAE /* Build configuration list for PBXNativeTarget "Alfred ServerUITests" */;
			buildPhases = (
				AF6712431CEA3D4600C47BAE /* Sources */,
				AF6712441CEA3D4600C47BAE /* Frameworks */,
				AF6712451CEA3D4600C47BAE /* Resources */,
			);
			buildRules = (
			);
			dependencies = (
				AF6712491CEA3D4600C47BAE /* PBXTargetDependency */,
			);
			name = "Alfred ServerUITests";
			productName = "Alfred Web 2.0UITests";
			productReference = AF6712471CEA3D4600C47BAE /* Alfred Server.xctest */;
			productType = "com.apple.product-type.bundle.ui-testing";
		};
/* End PBXNativeTarget section */

/* Begin PBXProject section */
		AF6712201CEA3D4500C47BAE /* Project object */ = {
			isa = PBXProject;
			attributes = {
				LastSwiftUpdateCheck = 0730;
				LastUpgradeCheck = 0730;
				ORGANIZATIONNAME = Alfred;
				TargetAttributes = {
					AF6712271CEA3D4500C47BAE = {
						CreatedOnToolsVersion = 7.3;
						DevelopmentTeam = K5GA87EK86;
						LastSwiftMigration = 0800;
						ProvisioningStyle = Automatic;
					};
					AF67123B1CEA3D4600C47BAE = {
						CreatedOnToolsVersion = 7.3;
						LastSwiftMigration = 0800;
						TestTargetID = AF6712271CEA3D4500C47BAE;
					};
					AF6712461CEA3D4600C47BAE = {
						CreatedOnToolsVersion = 7.3;
						LastSwiftMigration = 0800;
						TestTargetID = AF6712271CEA3D4500C47BAE;
					};
				};
			};
			buildConfigurationList = AF6712231CEA3D4500C47BAE /* Build configuration list for PBXProject "Alfred Server" */;
			compatibilityVersion = "Xcode 3.2";
			developmentRegion = English;
			hasScannedForEncodings = 0;
			knownRegions = (
				en,
				Base,
			);
			mainGroup = AF67121F1CEA3D4500C47BAE;
			productRefGroup = AF6712291CEA3D4500C47BAE /* Products */;
			projectDirPath = "";
			projectRoot = "";
			targets = (
				AF6712271CEA3D4500C47BAE /* Alfred Server */,
				AF67123B1CEA3D4600C47BAE /* Alfred ServerTests */,
				AF6712461CEA3D4600C47BAE /* Alfred ServerUITests */,
			);
		};
/* End PBXProject section */

/* Begin PBXResourcesBuildPhase section */
		AF6712261CEA3D4500C47BAE /* Resources */ = {
			isa = PBXResourcesBuildPhase;
			buildActionMask = 2147483647;
			files = (
				AFEEDF841CECA08A00C5FFD8 /* Main.storyboard in Resources */,
				AF4016DD1CF84060004E7C5B /* asu_pid.entitlements in Resources */,
				AF6712361CEA3D4600C47BAE /* LaunchScreen.storyboard in Resources */,
				AF6712331CEA3D4600C47BAE /* Assets.xcassets in Resources */,
				AF40169B1CF838D9004E7C5B /* Entitlements.plist in Resources */,
				AFEEDF881CECA3DE00C5FFD8 /* ViewControllerSettings.xib in Resources */,
			);
			runOnlyForDeploymentPostprocessing = 0;
		};
		AF67123A1CEA3D4600C47BAE /* Resources */ = {
			isa = PBXResourcesBuildPhase;
			buildActionMask = 2147483647;
			files = (
			);
			runOnlyForDeploymentPostprocessing = 0;
		};
		AF6712451CEA3D4600C47BAE /* Resources */ = {
			isa = PBXResourcesBuildPhase;
			buildActionMask = 2147483647;
			files = (
			);
			runOnlyForDeploymentPostprocessing = 0;
		};
/* End PBXResourcesBuildPhase section */

/* Begin PBXSourcesBuildPhase section */
		AF6712241CEA3D4500C47BAE /* Sources */ = {
			isa = PBXSourcesBuildPhase;
			buildActionMask = 2147483647;
			files = (
				AF67122E1CEA3D4600C47BAE /* ViewController.swift in Sources */,
				AF67122C1CEA3D4600C47BAE /* AppDelegate.swift in Sources */,
				AFEEDF871CECA3DE00C5FFD8 /* ViewControllerSettings.swift in Sources */,
			);
			runOnlyForDeploymentPostprocessing = 0;
		};
		AF6712381CEA3D4600C47BAE /* Sources */ = {
			isa = PBXSourcesBuildPhase;
			buildActionMask = 2147483647;
			files = (
				AF6712411CEA3D4600C47BAE /* Alfred_Web_2_0Tests.swift in Sources */,
			);
			runOnlyForDeploymentPostprocessing = 0;
		};
		AF6712431CEA3D4600C47BAE /* Sources */ = {
			isa = PBXSourcesBuildPhase;
			buildActionMask = 2147483647;
			files = (
				AF67124C1CEA3D4600C47BAE /* Alfred_Web_2_0UITests.swift in Sources */,
			);
			runOnlyForDeploymentPostprocessing = 0;
		};
/* End PBXSourcesBuildPhase section */

/* Begin PBXTargetDependency section */
		AF67123E1CEA3D4600C47BAE /* PBXTargetDependency */ = {
			isa = PBXTargetDependency;
			target = AF6712271CEA3D4500C47BAE /* Alfred Server */;
			targetProxy = AF67123D1CEA3D4600C47BAE /* PBXContainerItemProxy */;
		};
		AF6712491CEA3D4600C47BAE /* PBXTargetDependency */ = {
			isa = PBXTargetDependency;
			target = AF6712271CEA3D4500C47BAE /* Alfred Server */;
			targetProxy = AF6712481CEA3D4600C47BAE /* PBXContainerItemProxy */;
		};
/* End PBXTargetDependency section */

/* Begin PBXVariantGroup section */
		AF6712341CEA3D4600C47BAE /* LaunchScreen.storyboard */ = {
			isa = PBXVariantGroup;
			children = (
				AF6712351CEA3D4600C47BAE /* Base */,
			);
			name = LaunchScreen.storyboard;
			sourceTree = "<group>";
		};
		AFEEDF821CECA08A00C5FFD8 /* Main.storyboard */ = {
			isa = PBXVariantGroup;
			children = (
				AFEEDF831CECA08A00C5FFD8 /* Base */,
			);
			name = Main.storyboard;
			sourceTree = "<group>";
		};
/* End PBXVariantGroup section */

/* Begin XCBuildConfiguration section */
		AF67124E1CEA3D4600C47BAE /* Debug */ = {
			isa = XCBuildConfiguration;
			buildSettings = {
				ALWAYS_SEARCH_USER_PATHS = NO;
				CLANG_ANALYZER_NONNULL = YES;
				CLANG_CXX_LANGUAGE_STANDARD = "gnu++0x";
				CLANG_CXX_LIBRARY = "libc++";
				CLANG_ENABLE_MODULES = YES;
				CLANG_ENABLE_OBJC_ARC = YES;
				CLANG_WARN_BOOL_CONVERSION = YES;
				CLANG_WARN_CONSTANT_CONVERSION = YES;
				CLANG_WARN_DIRECT_OBJC_ISA_USAGE = YES_ERROR;
				CLANG_WARN_EMPTY_BODY = YES;
				CLANG_WARN_ENUM_CONVERSION = YES;
				CLANG_WARN_INT_CONVERSION = YES;
				CLANG_WARN_OBJC_ROOT_CLASS = YES_ERROR;
				CLANG_WARN_UNREACHABLE_CODE = YES;
				CLANG_WARN__DUPLICATE_METHOD_MATCH = YES;
				CODE_SIGN_ENTITLEMENTS = Entitlements.plist;
				CODE_SIGN_IDENTITY = "iPhone Developer: dominum24@hotmail.fr (27B826T6H4)";
				"CODE_SIGN_IDENTITY[sdk=iphoneos*]" = "iPhone Developer: dominum24@hotmail.fr (27B826T6H4)";
				COPY_PHASE_STRIP = NO;
				DEBUG_INFORMATION_FORMAT = dwarf;
				ENABLE_STRICT_OBJC_MSGSEND = YES;
				ENABLE_TESTABILITY = YES;
				GCC_C_LANGUAGE_STANDARD = gnu99;
				GCC_DYNAMIC_NO_PIC = NO;
				GCC_NO_COMMON_BLOCKS = YES;
				GCC_OPTIMIZATION_LEVEL = 0;
				GCC_PREPROCESSOR_DEFINITIONS = (
					"DEBUG=1",
					"$(inherited)",
				);
				GCC_WARN_64_TO_32_BIT_CONVERSION = YES;
				GCC_WARN_ABOUT_RETURN_TYPE = YES_ERROR;
				GCC_WARN_UNDECLARED_SELECTOR = YES;
				GCC_WARN_UNINITIALIZED_AUTOS = YES_AGGRESSIVE;
				GCC_WARN_UNUSED_FUNCTION = YES;
				GCC_WARN_UNUSED_VARIABLE = YES;
				IPHONEOS_DEPLOYMENT_TARGET = 9.3;
				MTL_ENABLE_DEBUG_INFO = YES;
				ONLY_ACTIVE_ARCH = YES;
				SDKROOT = iphoneos;
				SWIFT_OPTIMIZATION_LEVEL = "-Onone";
			};
			name = Debug;
		};
		AF67124F1CEA3D4600C47BAE /* Release */ = {
			isa = XCBuildConfiguration;
			buildSettings = {
				ALWAYS_SEARCH_USER_PATHS = NO;
				CLANG_ANALYZER_NONNULL = YES;
				CLANG_CXX_LANGUAGE_STANDARD = "gnu++0x";
				CLANG_CXX_LIBRARY = "libc++";
				CLANG_ENABLE_MODULES = YES;
				CLANG_ENABLE_OBJC_ARC = YES;
				CLANG_WARN_BOOL_CONVERSION = YES;
				CLANG_WARN_CONSTANT_CONVERSION = YES;
				CLANG_WARN_DIRECT_OBJC_ISA_USAGE = YES_ERROR;
				CLANG_WARN_EMPTY_BODY = YES;
				CLANG_WARN_ENUM_CONVERSION = YES;
				CLANG_WARN_INT_CONVERSION = YES;
				CLANG_WARN_OBJC_ROOT_CLASS = YES_ERROR;
				CLANG_WARN_UNREACHABLE_CODE = YES;
				CLANG_WARN__DUPLICATE_METHOD_MATCH = YES;
				CODE_SIGN_ENTITLEMENTS = Entitlements.plist;
				CODE_SIGN_IDENTITY = "iPhone Developer: dominum24@hotmail.fr (27B826T6H4)";
				"CODE_SIGN_IDENTITY[sdk=iphoneos*]" = "iPhone Developer: dominum24@hotmail.fr (27B826T6H4)";
				COPY_PHASE_STRIP = NO;
				DEBUG_INFORMATION_FORMAT = "dwarf-with-dsym";
				ENABLE_NS_ASSERTIONS = NO;
				ENABLE_STRICT_OBJC_MSGSEND = YES;
				GCC_C_LANGUAGE_STANDARD = gnu99;
				GCC_NO_COMMON_BLOCKS = YES;
				GCC_WARN_64_TO_32_BIT_CONVERSION = YES;
				GCC_WARN_ABOUT_RETURN_TYPE = YES_ERROR;
				GCC_WARN_UNDECLARED_SELECTOR = YES;
				GCC_WARN_UNINITIALIZED_AUTOS = YES_AGGRESSIVE;
				GCC_WARN_UNUSED_FUNCTION = YES;
				GCC_WARN_UNUSED_VARIABLE = YES;
				IPHONEOS_DEPLOYMENT_TARGET = 9.3;
				MTL_ENABLE_DEBUG_INFO = NO;
				SDKROOT = iphoneos;
				VALIDATE_PRODUCT = YES;
			};
			name = Release;
		};
		AF6712511CEA3D4600C47BAE /* Debug */ = {
			isa = XCBuildConfiguration;
			buildSettings = {
				ASSETCATALOG_COMPILER_APPICON_NAME = AppIcon;
				CODE_SIGN_ENTITLEMENTS = Entitlements.plist;
				CODE_SIGN_IDENTITY = "iPhone Developer";
				"CODE_SIGN_IDENTITY[sdk=iphoneos*]" = "iPhone Developer";
				DEVELOPMENT_TEAM = K5GA87EK86;
				INFOPLIST_FILE = "Alfred Web 2.0/Info.plist";
				IPHONEOS_DEPLOYMENT_TARGET = 10.0;
				LD_RUNPATH_SEARCH_PATHS = "$(inherited) @executable_path/Frameworks";
				PRODUCT_BUNDLE_IDENTIFIER = "Alfred.Alfred-Web-P-2-0";
				PRODUCT_NAME = "Alfred Server";
				PROVISIONING_PROFILE = "";
				SWIFT_VERSION = 3.0;
			};
			name = Debug;
		};
		AF6712521CEA3D4600C47BAE /* Release */ = {
			isa = XCBuildConfiguration;
			buildSettings = {
				ASSETCATALOG_COMPILER_APPICON_NAME = AppIcon;
				CODE_SIGN_ENTITLEMENTS = Entitlements.plist;
				CODE_SIGN_IDENTITY = "iPhone Developer";
				"CODE_SIGN_IDENTITY[sdk=iphoneos*]" = "iPhone Developer";
				DEVELOPMENT_TEAM = K5GA87EK86;
				INFOPLIST_FILE = "Alfred Web 2.0/Info.plist";
				IPHONEOS_DEPLOYMENT_TARGET = 10.0;
				LD_RUNPATH_SEARCH_PATHS = "$(inherited) @executable_path/Frameworks";
				PRODUCT_BUNDLE_IDENTIFIER = "Alfred.Alfred-Web-P-2-0";
				PRODUCT_NAME = "Alfred Server";
				PROVISIONING_PROFILE = "";
				SWIFT_VERSION = 3.0;
			};
			name = Release;
		};
		AF6712541CEA3D4600C47BAE /* Debug */ = {
			isa = XCBuildConfiguration;
			buildSettings = {
				BUNDLE_LOADER = "$(TEST_HOST)";
				INFOPLIST_FILE = "Alfred Web 2.0Tests/Info.plist";
				LD_RUNPATH_SEARCH_PATHS = "$(inherited) @executable_path/Frameworks @loader_path/Frameworks";
				PRODUCT_BUNDLE_IDENTIFIER = "Alfred.Alfred-Web-2-0Tests";
				PRODUCT_NAME = "Alfred Server";
				SWIFT_VERSION = 3.0;
				TEST_HOST = "$(BUILT_PRODUCTS_DIR)/Alfred Server.app/Alfred Server";
			};
			name = Debug;
		};
		AF6712551CEA3D4600C47BAE /* Release */ = {
			isa = XCBuildConfiguration;
			buildSettings = {
				BUNDLE_LOADER = "$(TEST_HOST)";
				INFOPLIST_FILE = "Alfred Web 2.0Tests/Info.plist";
				LD_RUNPATH_SEARCH_PATHS = "$(inherited) @executable_path/Frameworks @loader_path/Frameworks";
				PRODUCT_BUNDLE_IDENTIFIER = "Alfred.Alfred-Web-2-0Tests";
				PRODUCT_NAME = "Alfred Server";
				SWIFT_VERSION = 3.0;
				TEST_HOST = "$(BUILT_PRODUCTS_DIR)/Alfred Server.app/Alfred Server";
			};
			name = Release;
		};
		AF6712571CEA3D4600C47BAE /* Debug */ = {
			isa = XCBuildConfiguration;
			buildSettings = {
				INFOPLIST_FILE = "Alfred Web 2.0UITests/Info.plist";
				LD_RUNPATH_SEARCH_PATHS = "$(inherited) @executable_path/Frameworks @loader_path/Frameworks";
				PRODUCT_BUNDLE_IDENTIFIER = "Alfred.Alfred-Web-2-0UITests";
				PRODUCT_NAME = "Alfred Server";
				SWIFT_VERSION = 3.0;
				TEST_TARGET_NAME = "Alfred Web 2.0";
			};
			name = Debug;
		};
		AF6712581CEA3D4600C47BAE /* Release */ = {
			isa = XCBuildConfiguration;
			buildSettings = {
				INFOPLIST_FILE = "Alfred Web 2.0UITests/Info.plist";
				LD_RUNPATH_SEARCH_PATHS = "$(inherited) @executable_path/Frameworks @loader_path/Frameworks";
				PRODUCT_BUNDLE_IDENTIFIER = "Alfred.Alfred-Web-2-0UITests";
				PRODUCT_NAME = "Alfred Server";
				SWIFT_VERSION = 3.0;
				TEST_TARGET_NAME = "Alfred Web 2.0";
			};
			name = Release;
		};
/* End XCBuildConfiguration section */

/* Begin XCConfigurationList section */
		AF6712231CEA3D4500C47BAE /* Build configuration list for PBXProject "Alfred Server" */ = {
			isa = XCConfigurationList;
			buildConfigurations = (
				AF67124E1CEA3D4600C47BAE /* Debug */,
				AF67124F1CEA3D4600C47BAE /* Release */,
			);
			defaultConfigurationIsVisible = 0;
			defaultConfigurationName = Release;
		};
		AF6712501CEA3D4600C47BAE /* Build configuration list for PBXNativeTarget "Alfred Server" */ = {
			isa = XCConfigurationList;
			buildConfigurations = (
				AF6712511CEA3D4600C47BAE /* Debug */,
				AF6712521CEA3D4600C47BAE /* Release */,
			);
			defaultConfigurationIsVisible = 0;
			defaultConfigurationName = Release;
		};
		AF6712531CEA3D4600C47BAE /* Build configuration list for PBXNativeTarget "Alfred ServerTests" */ = {
			isa = XCConfigurationList;
			buildConfigurations = (
				AF6712541CEA3D4600C47BAE /* Debug */,
				AF6712551CEA3D4600C47BAE /* Release */,
			);
			defaultConfigurationIsVisible = 0;
			defaultConfigurationName = Release;
		};
		AF6712561CEA3D4600C47BAE /* Build configuration list for PBXNativeTarget "Alfred ServerUITests" */ = {
			isa = XCConfigurationList;
			buildConfigurations = (
				AF6712571CEA3D4600C47BAE /* Debug */,
				AF6712581CEA3D4600C47BAE /* Release */,
			);
			defaultConfigurationIsVisible = 0;
			defaultConfigurationName = Release;
		};
/* End XCConfigurationList section */
	};
	rootObject = AF6712201CEA3D4500C47BAE /* Project object */;
}
